dependencies:
- name: redis
  repository: https://charts.bitnami.com/bitnami
  version: 18.4.0
- name: mariadb
  repository: https://charts.bitnami.com/bitnami
  version: 14.1.2
- name: influxdb
  repository: https://charts.bitnami.com/bitnami
  version: 5.10.2
- name: telegraf
  repository: https://helm.influxdata.com/
  version: 1.8.38
digest: sha256:268bc9e45538090cb8be1f5eb4d33f5836dcfb8ecab6fe00dde9c812ed365086
generated: "2023-11-30T00:05:54.756551+01:00"
