dependencies:
- name: redis
  repository: https://charts.bitnami.com/bitnami
  version: 18.4.0
- name: mariadb
  repository: https://charts.bitnami.com/bitnami
  version: 14.1.2
- name: influxdb
  repository: https://helm.influxdata.com/
  version: 4.12.5
digest: sha256:d59cb0bea4b0112f58db3b07a729b40b23b33b87b8ed882d633f0b7ec9eb1ba5
generated: "2023-11-25T23:35:15.563441+01:00"
