dependencies:
- name: redis
  repository: https://charts.bitnami.com/bitnami
  version: 18.4.0
- name: mariadb
  repository: https://charts.bitnami.com/bitnami
  version: 14.1.2
- name: influxdb
  repository: https://charts.bitnami.com/bitnami
  version: 5.10.2
digest: sha256:0a7359c1aca700c59b1a1207fc7afcfd42c6ccd47ca3d41ec356120c17e05b30
generated: "2023-11-23T20:21:33.645411+01:00"
